
Microsoft Visual Studio Solution File, Format Version 12.00
# Visual Studio Version 17
VisualStudioVersion = 17.14.36429.23
MinimumVisualStudioVersion = 10.0.40219.1
Project("{FAE04EC0-301F-11D3-BF4B-00C04F79EFBC}") = "TestProjectLab1", "TestProjectLab1\TestProjectLab1.csproj", "{31AC7102-E9A6-4C0A-98C9-C8F062CB2F34}"
EndProject
Project("{FAE04EC0-301F-11D3-BF4B-00C04F79EFBC}") = "Exp2", "Exp2\Exp2.csproj", "{50D66E82-B717-427C-878C-B22852915AC0}"
EndProject
Project("{FAE04EC0-301F-11D3-BF4B-00C04F79EFBC}") = "Exp3", "Exp3\Exp3.csproj", "{03C11689-8DE1-475B-B59A-8E5F6BD72F2E}"
EndProject
Project("{FAE04EC0-301F-11D3-BF4B-00C04F79EFBC}") = "ConsoleApp1", "ConsoleApp1\ConsoleApp1.csproj", "{9D52941B-F7F7-4FF6-87D8-9C380D44A85B}"
EndProject
Project("{FAE04EC0-301F-11D3-BF4B-00C04F79EFBC}") = "Exp4", "Exp4\Exp4.csproj", "{46EF107F-287A-48B8-B679-F8310814AEF8}"
EndProject
Project("{FAE04EC0-301F-11D3-BF4B-00C04F79EFBC}") = "exp5", "exp5\exp5.csproj", "{7380F080-04E6-4EA5-9357-7449354705B6}"
EndProject
Project("{FAE04EC0-301F-11D3-BF4B-00C04F79EFBC}") = "TDDProject", "TDDProject\TDDProject.csproj", "{8D829F2A-5EEA-4690-9C97-D20952D42334}"
EndProject
Global
	GlobalSection(SolutionConfigurationPlatforms) = preSolution
		Debug|Any CPU = Debug|Any CPU
		Release|Any CPU = Release|Any CPU
	EndGlobalSection
	GlobalSection(ProjectConfigurationPlatforms) = postSolution
		{31AC7102-E9A6-4C0A-98C9-C8F062CB2F34}.Debug|Any CPU.ActiveCfg = Debug|Any CPU
		{31AC7102-E9A6-4C0A-98C9-C8F062CB2F34}.Debug|Any CPU.Build.0 = Debug|Any CPU
		{31AC7102-E9A6-4C0A-98C9-C8F062CB2F34}.Release|Any CPU.ActiveCfg = Release|Any CPU
		{31AC7102-E9A6-4C0A-98C9-C8F062CB2F34}.Release|Any CPU.Build.0 = Release|Any CPU
		{50D66E82-B717-427C-878C-B22852915AC0}.Debug|Any CPU.ActiveCfg = Debug|Any CPU
		{50D66E82-B717-427C-878C-B22852915AC0}.Debug|Any CPU.Build.0 = Debug|Any CPU
		{50D66E82-B717-427C-878C-B22852915AC0}.Release|Any CPU.ActiveCfg = Release|Any CPU
		{50D66E82-B717-427C-878C-B22852915AC0}.Release|Any CPU.Build.0 = Release|Any CPU
		{03C11689-8DE1-475B-B59A-8E5F6BD72F2E}.Debug|Any CPU.ActiveCfg = Debug|Any CPU
		{03C11689-8DE1-475B-B59A-8E5F6BD72F2E}.Debug|Any CPU.Build.0 = Debug|Any CPU
		{03C11689-8DE1-475B-B59A-8E5F6BD72F2E}.Release|Any CPU.ActiveCfg = Release|Any CPU
		{03C11689-8DE1-475B-B59A-8E5F6BD72F2E}.Release|Any CPU.Build.0 = Release|Any CPU
		{9D52941B-F7F7-4FF6-87D8-9C380D44A85B}.Debug|Any CPU.ActiveCfg = Debug|Any CPU
		{9D52941B-F7F7-4FF6-87D8-9C380D44A85B}.Debug|Any CPU.Build.0 = Debug|Any CPU
		{9D52941B-F7F7-4FF6-87D8-9C380D44A85B}.Release|Any CPU.ActiveCfg = Release|Any CPU
		{9D52941B-F7F7-4FF6-87D8-9C380D44A85B}.Release|Any CPU.Build.0 = Release|Any CPU
		{46EF107F-287A-48B8-B679-F8310814AEF8}.Debug|Any CPU.ActiveCfg = Debug|Any CPU
		{46EF107F-287A-48B8-B679-F8310814AEF8}.Debug|Any CPU.Build.0 = Debug|Any CPU
		{46EF107F-287A-48B8-B679-F8310814AEF8}.Release|Any CPU.ActiveCfg = Release|Any CPU
		{46EF107F-287A-48B8-B679-F8310814AEF8}.Release|Any CPU.Build.0 = Release|Any CPU
		{7380F080-04E6-4EA5-9357-7449354705B6}.Debug|Any CPU.ActiveCfg = Debug|Any CPU
		{7380F080-04E6-4EA5-9357-7449354705B6}.Debug|Any CPU.Build.0 = Debug|Any CPU
		{7380F080-04E6-4EA5-9357-7449354705B6}.Release|Any CPU.ActiveCfg = Release|Any CPU
		{7380F080-04E6-4EA5-9357-7449354705B6}.Release|Any CPU.Build.0 = Release|Any CPU
		{8D829F2A-5EEA-4690-9C97-D20952D42334}.Debug|Any CPU.ActiveCfg = Debug|Any CPU
		{8D829F2A-5EEA-4690-9C97-D20952D42334}.Debug|Any CPU.Build.0 = Debug|Any CPU
		{8D829F2A-5EEA-4690-9C97-D20952D42334}.Release|Any CPU.ActiveCfg = Release|Any CPU
		{8D829F2A-5EEA-4690-9C97-D20952D42334}.Release|Any CPU.Build.0 = Release|Any CPU
	EndGlobalSection
	GlobalSection(SolutionProperties) = preSolution
		HideSolutionNode = FALSE
	EndGlobalSection
	GlobalSection(ExtensibilityGlobals) = postSolution
		SolutionGuid = {3A08EF04-D8BF-4581-8316-E1E2F203A35A}
	EndGlobalSection
EndGlobal
